
Microsoft Visual Studio Solution File, Format Version 12.00
# Visual Studio Version 17
VisualStudioVersion = 17.11.35327.3
MinimumVisualStudioVersion = 10.0.40219.1
Project("{FAE04EC0-301F-11D3-BF4B-00C04F79EFBC}") = "Group1_Chan_Ridoy_QGame", "Group1_Chan_Ridoy_QGame\Group1_Chan_Ridoy_QGame.csproj", "{AA598D81-5358-42A6-A74C-F1A2444F5A0B}"
EndProject
Project("{FAE04EC0-301F-11D3-BF4B-00C04F79EFBC}") = "QGame_Library", "QGame_Library\QGame_Library.csproj", "{C27152E5-6086-4A44-A805-DC1EBB4ECA09}"
EndProject
Global
	GlobalSection(SolutionConfigurationPlatforms) = preSolution
		Debug|Any CPU = Debug|Any CPU
		Release|Any CPU = Release|Any CPU
	EndGlobalSection
	GlobalSection(ProjectConfigurationPlatforms) = postSolution
		{AA598D81-5358-42A6-A74C-F1A2444F5A0B}.Debug|Any CPU.ActiveCfg = Debug|Any CPU
		{AA598D81-5358-42A6-A74C-F1A2444F5A0B}.Debug|Any CPU.Build.0 = Debug|Any CPU
		{AA598D81-5358-42A6-A74C-F1A2444F5A0B}.Release|Any CPU.ActiveCfg = Release|Any CPU
		{AA598D81-5358-42A6-A74C-F1A2444F5A0B}.Release|Any CPU.Build.0 = Release|Any CPU
		{C27152E5-6086-4A44-A805-DC1EBB4ECA09}.Debug|Any CPU.ActiveCfg = Debug|Any CPU
		{C27152E5-6086-4A44-A805-DC1EBB4ECA09}.Debug|Any CPU.Build.0 = Debug|Any CPU
		{C27152E5-6086-4A44-A805-DC1EBB4ECA09}.Release|Any CPU.ActiveCfg = Release|Any CPU
		{C27152E5-6086-4A44-A805-DC1EBB4ECA09}.Release|Any CPU.Build.0 = Release|Any CPU
	EndGlobalSection
	GlobalSection(SolutionProperties) = preSolution
		HideSolutionNode = FALSE
	EndGlobalSection
	GlobalSection(ExtensibilityGlobals) = postSolution
		SolutionGuid = {4D20AE85-C50A-457A-8DAD-E666DD446A8D}
	EndGlobalSection
EndGlobal
